// !$*UTF8*$!
{
	archiveVersion = 1;
	classes = {
	};
	objectVersion = 51;
	objects = {

/* Begin PBXBuildFile section */
		10040C1823DEB9EF0075D12E /* AppDelegate.swift in Sources */ = {isa = PBXBuildFile; fileRef = 10040C1723DEB9EF0075D12E /* AppDelegate.swift */; };
		10040C1A23DEB9EF0075D12E /* SceneDelegate.swift in Sources */ = {isa = PBXBuildFile; fileRef = 10040C1923DEB9EF0075D12E /* SceneDelegate.swift */; };
		10040C1F23DEB9EF0075D12E /* Main.storyboard in Resources */ = {isa = PBXBuildFile; fileRef = 10040C1D23DEB9EF0075D12E /* Main.storyboard */; };
		10040C2123DEB9F50075D12E /* Assets.xcassets in Resources */ = {isa = PBXBuildFile; fileRef = 10040C2023DEB9F50075D12E /* Assets.xcassets */; };
		10040C2423DEB9F50075D12E /* LaunchScreen.storyboard in Resources */ = {isa = PBXBuildFile; fileRef = 10040C2223DEB9F50075D12E /* LaunchScreen.storyboard */; };
		10040C2E23DEC2250075D12E /* NewsModel.swift in Sources */ = {isa = PBXBuildFile; fileRef = 10040C2D23DEC2250075D12E /* NewsModel.swift */; };
		10040C3A23DF0AE40075D12E /* CustomCell.swift in Sources */ = {isa = PBXBuildFile; fileRef = 10040C3923DF0AE40075D12E /* CustomCell.swift */; };
		1015453623E16A2B00BE2C6E /* NewsService.swift in Sources */ = {isa = PBXBuildFile; fileRef = 1015453523E16A2B00BE2C6E /* NewsService.swift */; };
		10976BAE23E15E7900F484B0 /* NewsViewModel.swift in Sources */ = {isa = PBXBuildFile; fileRef = 10976BAD23E15E7900F484B0 /* NewsViewModel.swift */; };
		10A65C0A23F55C4B00C4DA07 /* HackerNewsWrapper.xcdatamodeld in Sources */ = {isa = PBXBuildFile; fileRef = 10A65C0823F55C4B00C4DA07 /* HackerNewsWrapper.xcdatamodeld */; };
		10B10D5723EBF9660081AC02 /* SaveService.swift in Sources */ = {isa = PBXBuildFile; fileRef = 10B10D5623EBF9660081AC02 /* SaveService.swift */; };
		10C9999523E43E42008BEED3 /* ViewController.swift in Sources */ = {isa = PBXBuildFile; fileRef = 10C9999423E43E42008BEED3 /* ViewController.swift */; };
		10C9999923E454D7008BEED3 /* TabBarViewController.swift in Sources */ = {isa = PBXBuildFile; fileRef = 10C9999823E454D7008BEED3 /* TabBarViewController.swift */; };
		10F3658423E9937C00D97D88 /* DetailViewController.swift in Sources */ = {isa = PBXBuildFile; fileRef = 10F3658323E9937C00D97D88 /* DetailViewController.swift */; };
		10F8CEB723FA5918009AD147 /* DetailViewController.swift in Sources */ = {isa = PBXBuildFile; fileRef = 10F3658323E9937C00D97D88 /* DetailViewController.swift */; };
		10F8CEB823FA5918009AD147 /* ViewController.swift in Sources */ = {isa = PBXBuildFile; fileRef = 10C9999423E43E42008BEED3 /* ViewController.swift */; };
		10F8CEB923FA5918009AD147 /* HackerNewsWrapper.xcdatamodeld in Sources */ = {isa = PBXBuildFile; fileRef = 10B10D5123EBE3850081AC02 /* HackerNewsWrapper.xcdatamodeld */; };
		10F8CEBA23FA5918009AD147 /* AppDelegate.swift in Sources */ = {isa = PBXBuildFile; fileRef = 10040C1723DEB9EF0075D12E /* AppDelegate.swift */; };
		10F8CEBB23FA5918009AD147 /* CustomCell.swift in Sources */ = {isa = PBXBuildFile; fileRef = 10040C3923DF0AE40075D12E /* CustomCell.swift */; };
		10F8CEBC23FA5918009AD147 /* NewsService.swift in Sources */ = {isa = PBXBuildFile; fileRef = 1015453523E16A2B00BE2C6E /* NewsService.swift */; };
		10F8CEBD23FA5918009AD147 /* SceneDelegate.swift in Sources */ = {isa = PBXBuildFile; fileRef = 10040C1923DEB9EF0075D12E /* SceneDelegate.swift */; };
		10F8CEBE23FA5918009AD147 /* NewsModel.swift in Sources */ = {isa = PBXBuildFile; fileRef = 10040C2D23DEC2250075D12E /* NewsModel.swift */; };
		10F8CEBF23FA5918009AD147 /* TabBarViewController.swift in Sources */ = {isa = PBXBuildFile; fileRef = 10C9999823E454D7008BEED3 /* TabBarViewController.swift */; };
		10F8CEC023FA5918009AD147 /* SaveService.swift in Sources */ = {isa = PBXBuildFile; fileRef = 10B10D5623EBF9660081AC02 /* SaveService.swift */; };
		10F8CEC123FA5918009AD147 /* NewsViewModel.swift in Sources */ = {isa = PBXBuildFile; fileRef = 10976BAD23E15E7900F484B0 /* NewsViewModel.swift */; };
		10F8CEC323FA5918009AD147 /* Pods_HackerNewsWrapper.framework in Frameworks */ = {isa = PBXBuildFile; fileRef = BC3C425D134661D0EA2A7E04 /* Pods_HackerNewsWrapper.framework */; };
		10F8CEC523FA5918009AD147 /* LaunchScreen.storyboard in Resources */ = {isa = PBXBuildFile; fileRef = 10040C2223DEB9F50075D12E /* LaunchScreen.storyboard */; };
		10F8CEC623FA5918009AD147 /* Assets.xcassets in Resources */ = {isa = PBXBuildFile; fileRef = 10040C2023DEB9F50075D12E /* Assets.xcassets */; };
		10F8CEC723FA5918009AD147 /* Main.storyboard in Resources */ = {isa = PBXBuildFile; fileRef = 10040C1D23DEB9EF0075D12E /* Main.storyboard */; };
		7378FBA6F44D3FC6EE447742 /* Pods_HackerNewsWrapper.framework in Frameworks */ = {isa = PBXBuildFile; fileRef = BC3C425D134661D0EA2A7E04 /* Pods_HackerNewsWrapper.framework */; };
/* End PBXBuildFile section */

/* Begin PBXFileReference section */
		10040C1423DEB9EF0075D12E /* HackerNewsWrapper.app */ = {isa = PBXFileReference; explicitFileType = wrapper.application; includeInIndex = 0; path = HackerNewsWrapper.app; sourceTree = BUILT_PRODUCTS_DIR; };
		10040C1723DEB9EF0075D12E /* AppDelegate.swift */ = {isa = PBXFileReference; lastKnownFileType = sourcecode.swift; path = AppDelegate.swift; sourceTree = "<group>"; };
		10040C1923DEB9EF0075D12E /* SceneDelegate.swift */ = {isa = PBXFileReference; lastKnownFileType = sourcecode.swift; path = SceneDelegate.swift; sourceTree = "<group>"; };
		10040C1E23DEB9EF0075D12E /* Base */ = {isa = PBXFileReference; lastKnownFileType = file.storyboard; name = Base; path = Base.lproj/Main.storyboard; sourceTree = "<group>"; };
		10040C2023DEB9F50075D12E /* Assets.xcassets */ = {isa = PBXFileReference; lastKnownFileType = folder.assetcatalog; path = Assets.xcassets; sourceTree = "<group>"; };
		10040C2323DEB9F50075D12E /* Base */ = {isa = PBXFileReference; lastKnownFileType = file.storyboard; name = Base; path = Base.lproj/LaunchScreen.storyboard; sourceTree = "<group>"; };
		10040C2523DEB9F50075D12E /* Info.plist */ = {isa = PBXFileReference; lastKnownFileType = text.plist.xml; path = Info.plist; sourceTree = "<group>"; };
		10040C2D23DEC2250075D12E /* NewsModel.swift */ = {isa = PBXFileReference; lastKnownFileType = sourcecode.swift; path = NewsModel.swift; sourceTree = "<group>"; };
		10040C3923DF0AE40075D12E /* CustomCell.swift */ = {isa = PBXFileReference; lastKnownFileType = sourcecode.swift; path = CustomCell.swift; sourceTree = "<group>"; };
		1015453523E16A2B00BE2C6E /* NewsService.swift */ = {isa = PBXFileReference; lastKnownFileType = sourcecode.swift; path = NewsService.swift; sourceTree = "<group>"; };
		103F4AF623EAF8F20096D998 /* HackerNewsWrapper.entitlements */ = {isa = PBXFileReference; lastKnownFileType = text.plist.entitlements; path = HackerNewsWrapper.entitlements; sourceTree = "<group>"; };
		106A43D56A9AF07D46F674A7 /* Pods-HackerNewsWrapper.debug.xcconfig */ = {isa = PBXFileReference; includeInIndex = 1; lastKnownFileType = text.xcconfig; name = "Pods-HackerNewsWrapper.debug.xcconfig"; path = "Target Support Files/Pods-HackerNewsWrapper/Pods-HackerNewsWrapper.debug.xcconfig"; sourceTree = "<group>"; };
		10976BAD23E15E7900F484B0 /* NewsViewModel.swift */ = {isa = PBXFileReference; lastKnownFileType = sourcecode.swift; path = NewsViewModel.swift; sourceTree = "<group>"; };
		10A65C0923F55C4B00C4DA07 /* HackerNewsWrapper.xcdatamodel */ = {isa = PBXFileReference; lastKnownFileType = wrapper.xcdatamodel; path = HackerNewsWrapper.xcdatamodel; sourceTree = "<group>"; };
		10B10D5623EBF9660081AC02 /* SaveService.swift */ = {isa = PBXFileReference; lastKnownFileType = sourcecode.swift; path = SaveService.swift; sourceTree = "<group>"; };
		10C9999423E43E42008BEED3 /* ViewController.swift */ = {isa = PBXFileReference; lastKnownFileType = sourcecode.swift; name = ViewController.swift; path = HackerNewsWrapper/View/ViewController.swift; sourceTree = SOURCE_ROOT; };
		10C9999823E454D7008BEED3 /* TabBarViewController.swift */ = {isa = PBXFileReference; lastKnownFileType = sourcecode.swift; path = TabBarViewController.swift; sourceTree = "<group>"; };
		10F3658323E9937C00D97D88 /* DetailViewController.swift */ = {isa = PBXFileReference; lastKnownFileType = sourcecode.swift; name = DetailViewController.swift; path = HackerNewsWrapper/View/DetailViewController.swift; sourceTree = SOURCE_ROOT; };
		10F8CECD23FA5918009AD147 /* HackerNewsWrapper Dev.app */ = {isa = PBXFileReference; explicitFileType = wrapper.application; includeInIndex = 0; path = "HackerNewsWrapper Dev.app"; sourceTree = BUILT_PRODUCTS_DIR; };
		10F8CECE23FA5918009AD147 /* Dev-Info.plist */ = {isa = PBXFileReference; lastKnownFileType = text.plist.xml; name = "Dev-Info.plist"; path = "/Users/jeet/Documents/HackerNewsWrapper/Dev-Info.plist"; sourceTree = "<absolute>"; };
		23F1226924AAB3BFEDE1E9AF /* Pods-HackerNewsWrapper.release.xcconfig */ = {isa = PBXFileReference; includeInIndex = 1; lastKnownFileType = text.xcconfig; name = "Pods-HackerNewsWrapper.release.xcconfig"; path = "Target Support Files/Pods-HackerNewsWrapper/Pods-HackerNewsWrapper.release.xcconfig"; sourceTree = "<group>"; };
		BC3C425D134661D0EA2A7E04 /* Pods_HackerNewsWrapper.framework */ = {isa = PBXFileReference; explicitFileType = wrapper.framework; includeInIndex = 0; path = Pods_HackerNewsWrapper.framework; sourceTree = BUILT_PRODUCTS_DIR; };
/* End PBXFileReference section */

/* Begin PBXFrameworksBuildPhase section */
		10040C1123DEB9EF0075D12E /* Frameworks */ = {
			isa = PBXFrameworksBuildPhase;
			buildActionMask = 2147483647;
			files = (
				7378FBA6F44D3FC6EE447742 /* Pods_HackerNewsWrapper.framework in Frameworks */,
			);
			runOnlyForDeploymentPostprocessing = 0;
		};
		10F8CEC223FA5918009AD147 /* Frameworks */ = {
			isa = PBXFrameworksBuildPhase;
			buildActionMask = 2147483647;
			files = (
				10F8CEC323FA5918009AD147 /* Pods_HackerNewsWrapper.framework in Frameworks */,
			);
			runOnlyForDeploymentPostprocessing = 0;
		};
/* End PBXFrameworksBuildPhase section */

/* Begin PBXGroup section */
		10040C0B23DEB9EF0075D12E = {
			isa = PBXGroup;
			children = (
				10040C1623DEB9EF0075D12E /* HackerNewsWrapper */,
				10040C1523DEB9EF0075D12E /* Products */,
				DF96343D194F056B31E18D3A /* Pods */,
				8A49A26D8C1A7A5C553CBD53 /* Frameworks */,
			);
			sourceTree = "<group>";
		};
		10040C1523DEB9EF0075D12E /* Products */ = {
			isa = PBXGroup;
			children = (
				10040C1423DEB9EF0075D12E /* HackerNewsWrapper.app */,
				10F8CECD23FA5918009AD147 /* HackerNewsWrapper Dev.app */,
			);
			name = Products;
			sourceTree = "<group>";
		};
		10040C1623DEB9EF0075D12E /* HackerNewsWrapper */ = {
			isa = PBXGroup;
			children = (
				10A65C0823F55C4B00C4DA07 /* HackerNewsWrapper.xcdatamodeld */,
				103F4AF623EAF8F20096D998 /* HackerNewsWrapper.entitlements */,
				10B10D5123EBE3850081AC02 /* HackerNewsWrapper.xcdatamodeld */,
				10976BB123E1641700F484B0 /* View */,
				10976BB023E1640700F484B0 /* ViewModel */,
				10976BAF23E163FF00F484B0 /* Model */,
				1015453423E169FF00BE2C6E /* Service */,
				10040C2023DEB9F50075D12E /* Assets.xcassets */,
				10040C2223DEB9F50075D12E /* LaunchScreen.storyboard */,
				10040C1923DEB9EF0075D12E /* SceneDelegate.swift */,
				10040C1723DEB9EF0075D12E /* AppDelegate.swift */,
				10F8CECE23FA5918009AD147 /* Dev-Info.plist */,
				10040C2523DEB9F50075D12E /* Info.plist */,
			);
			path = HackerNewsWrapper;
			sourceTree = "<group>";
		};
		1015453423E169FF00BE2C6E /* Service */ = {
			isa = PBXGroup;
			children = (
				1015453523E16A2B00BE2C6E /* NewsService.swift */,
				10B10D5623EBF9660081AC02 /* SaveService.swift */,
			);
			path = Service;
			sourceTree = "<group>";
		};
		10976BAF23E163FF00F484B0 /* Model */ = {
			isa = PBXGroup;
			children = (
				10040C2D23DEC2250075D12E /* NewsModel.swift */,
			);
			path = Model;
			sourceTree = "<group>";
		};
		10976BB023E1640700F484B0 /* ViewModel */ = {
			isa = PBXGroup;
			children = (
				10976BAD23E15E7900F484B0 /* NewsViewModel.swift */,
			);
			path = ViewModel;
			sourceTree = "<group>";
		};
		10976BB123E1641700F484B0 /* View */ = {
			isa = PBXGroup;
			children = (
				10F3658323E9937C00D97D88 /* DetailViewController.swift */,
				10C9999423E43E42008BEED3 /* ViewController.swift */,
				10040C3923DF0AE40075D12E /* CustomCell.swift */,
				10040C1D23DEB9EF0075D12E /* Main.storyboard */,
				10C9999823E454D7008BEED3 /* TabBarViewController.swift */,
			);
			path = View;
			sourceTree = "<group>";
		};
		8A49A26D8C1A7A5C553CBD53 /* Frameworks */ = {
			isa = PBXGroup;
			children = (
				BC3C425D134661D0EA2A7E04 /* Pods_HackerNewsWrapper.framework */,
			);
			name = Frameworks;
			sourceTree = "<group>";
		};
		DF96343D194F056B31E18D3A /* Pods */ = {
			isa = PBXGroup;
			children = (
				106A43D56A9AF07D46F674A7 /* Pods-HackerNewsWrapper.debug.xcconfig */,
				23F1226924AAB3BFEDE1E9AF /* Pods-HackerNewsWrapper.release.xcconfig */,
			);
			path = Pods;
			sourceTree = "<group>";
		};
/* End PBXGroup section */

/* Begin PBXNativeTarget section */
		10040C1323DEB9EF0075D12E /* HackerNewsWrapper */ = {
			isa = PBXNativeTarget;
			buildConfigurationList = 10040C2823DEB9F50075D12E /* Build configuration list for PBXNativeTarget "HackerNewsWrapper" */;
			buildPhases = (
				57D761CE867A093DE045FF13 /* [CP] Check Pods Manifest.lock */,
				10040C1023DEB9EF0075D12E /* Sources */,
				10040C1123DEB9EF0075D12E /* Frameworks */,
				10040C1223DEB9EF0075D12E /* Resources */,
				99922C5C297EE3AB830050BF /* [CP] Embed Pods Frameworks */,
				10976BAC23E1569800F484B0 /* ShellScript */,
			);
			buildRules = (
			);
			dependencies = (
			);
			name = HackerNewsWrapper;
			productName = HackerNewsWrapper;
			productReference = 10040C1423DEB9EF0075D12E /* HackerNewsWrapper.app */;
			productType = "com.apple.product-type.application";
		};
		10F8CEB423FA5918009AD147 /* HackerNewsWrapper Dev */ = {
			isa = PBXNativeTarget;
			buildConfigurationList = 10F8CECA23FA5918009AD147 /* Build configuration list for PBXNativeTarget "HackerNewsWrapper Dev" */;
			buildPhases = (
				10F8CEB523FA5918009AD147 /* [CP] Check Pods Manifest.lock */,
				10F8CEB623FA5918009AD147 /* Sources */,
				10F8CEC223FA5918009AD147 /* Frameworks */,
				10F8CEC423FA5918009AD147 /* Resources */,
				10F8CEC823FA5918009AD147 /* [CP] Embed Pods Frameworks */,
				10F8CEC923FA5918009AD147 /* ShellScript */,
			);
			buildRules = (
			);
			dependencies = (
			);
			name = "HackerNewsWrapper Dev";
			productName = HackerNewsWrapper;
			productReference = 10F8CECD23FA5918009AD147 /* HackerNewsWrapper Dev.app */;
			productType = "com.apple.product-type.application";
		};
/* End PBXNativeTarget section */

/* Begin PBXProject section */
		10040C0C23DEB9EF0075D12E /* Project object */ = {
			isa = PBXProject;
			attributes = {
				LastSwiftUpdateCheck = 1110;
				LastUpgradeCheck = 1110;
				ORGANIZATIONNAME = Jeet;
				TargetAttributes = {
					10040C1323DEB9EF0075D12E = {
						CreatedOnToolsVersion = 11.1;
					};
				};
			};
			buildConfigurationList = 10040C0F23DEB9EF0075D12E /* Build configuration list for PBXProject "HackerNewsWrapper" */;
			compatibilityVersion = "Xcode 9.3";
			developmentRegion = en;
			hasScannedForEncodings = 0;
			knownRegions = (
				en,
				Base,
			);
			mainGroup = 10040C0B23DEB9EF0075D12E;
			productRefGroup = 10040C1523DEB9EF0075D12E /* Products */;
			projectDirPath = "";
			projectRoot = "";
			targets = (
				10040C1323DEB9EF0075D12E /* HackerNewsWrapper */,
				10F8CEB423FA5918009AD147 /* HackerNewsWrapper Dev */,
			);
		};
/* End PBXProject section */

/* Begin PBXResourcesBuildPhase section */
		10040C1223DEB9EF0075D12E /* Resources */ = {
			isa = PBXResourcesBuildPhase;
			buildActionMask = 2147483647;
			files = (
				10040C2423DEB9F50075D12E /* LaunchScreen.storyboard in Resources */,
				10040C2123DEB9F50075D12E /* Assets.xcassets in Resources */,
				10040C1F23DEB9EF0075D12E /* Main.storyboard in Resources */,
			);
			runOnlyForDeploymentPostprocessing = 0;
		};
		10F8CEC423FA5918009AD147 /* Resources */ = {
			isa = PBXResourcesBuildPhase;
			buildActionMask = 2147483647;
			files = (
				10F8CEC523FA5918009AD147 /* LaunchScreen.storyboard in Resources */,
				10F8CEC623FA5918009AD147 /* Assets.xcassets in Resources */,
				10F8CEC723FA5918009AD147 /* Main.storyboard in Resources */,
			);
			runOnlyForDeploymentPostprocessing = 0;
		};
/* End PBXResourcesBuildPhase section */

/* Begin PBXShellScriptBuildPhase section */
		10976BAC23E1569800F484B0 /* ShellScript */ = {
			isa = PBXShellScriptBuildPhase;
			buildActionMask = 2147483647;
			files = (
			);
			inputFileListPaths = (
			);
			inputPaths = (
			);
			outputFileListPaths = (
			);
			outputPaths = (
			);
			runOnlyForDeploymentPostprocessing = 0;
			shellPath = /bin/sh;
			shellScript = "# Type a script or drag a script file from your workspace to insert its path.\n\"${PODS_ROOT}/SwiftLint/swiftlint\"\n";
		};
		10F8CEB523FA5918009AD147 /* [CP] Check Pods Manifest.lock */ = {
			isa = PBXShellScriptBuildPhase;
			buildActionMask = 2147483647;
			files = (
			);
			inputFileListPaths = (
			);
			inputPaths = (
				"${PODS_PODFILE_DIR_PATH}/Podfile.lock",
				"${PODS_ROOT}/Manifest.lock",
			);
			name = "[CP] Check Pods Manifest.lock";
			outputFileListPaths = (
			);
			outputPaths = (
				"$(DERIVED_FILE_DIR)/Pods-HackerNewsWrapper-checkManifestLockResult.txt",
			);
			runOnlyForDeploymentPostprocessing = 0;
			shellPath = /bin/sh;
			shellScript = "diff \"${PODS_PODFILE_DIR_PATH}/Podfile.lock\" \"${PODS_ROOT}/Manifest.lock\" > /dev/null\nif [ $? != 0 ] ; then\n    # print error to STDERR\n    echo \"error: The sandbox is not in sync with the Podfile.lock. Run 'pod install' or update your CocoaPods installation.\" >&2\n    exit 1\nfi\n# This output is used by Xcode 'outputs' to avoid re-running this script phase.\necho \"SUCCESS\" > \"${SCRIPT_OUTPUT_FILE_0}\"\n";
			showEnvVarsInLog = 0;
		};
		10F8CEC823FA5918009AD147 /* [CP] Embed Pods Frameworks */ = {
			isa = PBXShellScriptBuildPhase;
			buildActionMask = 2147483647;
			files = (
			);
			inputFileListPaths = (
				"${PODS_ROOT}/Target Support Files/Pods-HackerNewsWrapper/Pods-HackerNewsWrapper-frameworks-${CONFIGURATION}-input-files.xcfilelist",
			);
			name = "[CP] Embed Pods Frameworks";
			outputFileListPaths = (
				"${PODS_ROOT}/Target Support Files/Pods-HackerNewsWrapper/Pods-HackerNewsWrapper-frameworks-${CONFIGURATION}-output-files.xcfilelist",
			);
			runOnlyForDeploymentPostprocessing = 0;
			shellPath = /bin/sh;
			shellScript = "\"${PODS_ROOT}/Target Support Files/Pods-HackerNewsWrapper/Pods-HackerNewsWrapper-frameworks.sh\"\n";
			showEnvVarsInLog = 0;
		};
		10F8CEC923FA5918009AD147 /* ShellScript */ = {
			isa = PBXShellScriptBuildPhase;
			buildActionMask = 2147483647;
			files = (
			);
			inputFileListPaths = (
			);
			inputPaths = (
			);
			outputFileListPaths = (
			);
			outputPaths = (
			);
			runOnlyForDeploymentPostprocessing = 0;
			shellPath = /bin/sh;
			shellScript = "# Type a script or drag a script file from your workspace to insert its path.\n\"${PODS_ROOT}/SwiftLint/swiftlint\"\n";
		};
		57D761CE867A093DE045FF13 /* [CP] Check Pods Manifest.lock */ = {
			isa = PBXShellScriptBuildPhase;
			buildActionMask = 2147483647;
			files = (
			);
			inputFileListPaths = (
			);
			inputPaths = (
				"${PODS_PODFILE_DIR_PATH}/Podfile.lock",
				"${PODS_ROOT}/Manifest.lock",
			);
			name = "[CP] Check Pods Manifest.lock";
			outputFileListPaths = (
			);
			outputPaths = (
				"$(DERIVED_FILE_DIR)/Pods-HackerNewsWrapper-checkManifestLockResult.txt",
			);
			runOnlyForDeploymentPostprocessing = 0;
			shellPath = /bin/sh;
			shellScript = "diff \"${PODS_PODFILE_DIR_PATH}/Podfile.lock\" \"${PODS_ROOT}/Manifest.lock\" > /dev/null\nif [ $? != 0 ] ; then\n    # print error to STDERR\n    echo \"error: The sandbox is not in sync with the Podfile.lock. Run 'pod install' or update your CocoaPods installation.\" >&2\n    exit 1\nfi\n# This output is used by Xcode 'outputs' to avoid re-running this script phase.\necho \"SUCCESS\" > \"${SCRIPT_OUTPUT_FILE_0}\"\n";
			showEnvVarsInLog = 0;
		};
		99922C5C297EE3AB830050BF /* [CP] Embed Pods Frameworks */ = {
			isa = PBXShellScriptBuildPhase;
			buildActionMask = 2147483647;
			files = (
			);
			inputFileListPaths = (
				"${PODS_ROOT}/Target Support Files/Pods-HackerNewsWrapper/Pods-HackerNewsWrapper-frameworks-${CONFIGURATION}-input-files.xcfilelist",
			);
			name = "[CP] Embed Pods Frameworks";
			outputFileListPaths = (
				"${PODS_ROOT}/Target Support Files/Pods-HackerNewsWrapper/Pods-HackerNewsWrapper-frameworks-${CONFIGURATION}-output-files.xcfilelist",
			);
			runOnlyForDeploymentPostprocessing = 0;
			shellPath = /bin/sh;
			shellScript = "\"${PODS_ROOT}/Target Support Files/Pods-HackerNewsWrapper/Pods-HackerNewsWrapper-frameworks.sh\"\n";
			showEnvVarsInLog = 0;
		};
/* End PBXShellScriptBuildPhase section */

/* Begin PBXSourcesBuildPhase section */
		10040C1023DEB9EF0075D12E /* Sources */ = {
			isa = PBXSourcesBuildPhase;
			buildActionMask = 2147483647;
			files = (
				10F3658423E9937C00D97D88 /* DetailViewController.swift in Sources */,
				10C9999523E43E42008BEED3 /* ViewController.swift in Sources */,
				10A65C0A23F55C4B00C4DA07 /* HackerNewsWrapper.xcdatamodeld in Sources */,
				10040C1823DEB9EF0075D12E /* AppDelegate.swift in Sources */,
				10040C3A23DF0AE40075D12E /* CustomCell.swift in Sources */,
				1015453623E16A2B00BE2C6E /* NewsService.swift in Sources */,
				10040C1A23DEB9EF0075D12E /* SceneDelegate.swift in Sources */,
				10040C2E23DEC2250075D12E /* NewsModel.swift in Sources */,
				10C9999923E454D7008BEED3 /* TabBarViewController.swift in Sources */,
				10B10D5723EBF9660081AC02 /* SaveService.swift in Sources */,
				10976BAE23E15E7900F484B0 /* NewsViewModel.swift in Sources */,
			);
			runOnlyForDeploymentPostprocessing = 0;
		};
		10F8CEB623FA5918009AD147 /* Sources */ = {
			isa = PBXSourcesBuildPhase;
			buildActionMask = 2147483647;
			files = (
				10F8CEB723FA5918009AD147 /* DetailViewController.swift in Sources */,
				10F8CEB823FA5918009AD147 /* ViewController.swift in Sources */,
				10F8CEB923FA5918009AD147 /* HackerNewsWrapper.xcdatamodeld in Sources */,
				10F8CEBA23FA5918009AD147 /* AppDelegate.swift in Sources */,
				10F8CEBB23FA5918009AD147 /* CustomCell.swift in Sources */,
				10F8CEBC23FA5918009AD147 /* NewsService.swift in Sources */,
				10F8CEBD23FA5918009AD147 /* SceneDelegate.swift in Sources */,
				10F8CEBE23FA5918009AD147 /* NewsModel.swift in Sources */,
				10F8CEBF23FA5918009AD147 /* TabBarViewController.swift in Sources */,
				10F8CEC023FA5918009AD147 /* SaveService.swift in Sources */,
				10F8CEC123FA5918009AD147 /* NewsViewModel.swift in Sources */,
			);
			runOnlyForDeploymentPostprocessing = 0;
		};
/* End PBXSourcesBuildPhase section */

/* Begin PBXVariantGroup section */
		10040C1D23DEB9EF0075D12E /* Main.storyboard */ = {
			isa = PBXVariantGroup;
			children = (
				10040C1E23DEB9EF0075D12E /* Base */,
			);
			name = Main.storyboard;
			sourceTree = "<group>";
		};
		10040C2223DEB9F50075D12E /* LaunchScreen.storyboard */ = {
			isa = PBXVariantGroup;
			children = (
				10040C2323DEB9F50075D12E /* Base */,
			);
			name = LaunchScreen.storyboard;
			sourceTree = "<group>";
		};
/* End PBXVariantGroup section */

/* Begin XCBuildConfiguration section */
		10040C2623DEB9F50075D12E /* Debug */ = {
			isa = XCBuildConfiguration;
			buildSettings = {
				ALWAYS_SEARCH_USER_PATHS = NO;
				CLANG_ANALYZER_NONNULL = YES;
				CLANG_ANALYZER_NUMBER_OBJECT_CONVERSION = YES_AGGRESSIVE;
				CLANG_CXX_LANGUAGE_STANDARD = "gnu++14";
				CLANG_CXX_LIBRARY = "libc++";
				CLANG_ENABLE_MODULES = YES;
				CLANG_ENABLE_OBJC_ARC = YES;
				CLANG_ENABLE_OBJC_WEAK = YES;
				CLANG_WARN_BLOCK_CAPTURE_AUTORELEASING = YES;
				CLANG_WARN_BOOL_CONVERSION = YES;
				CLANG_WARN_COMMA = YES;
				CLANG_WARN_CONSTANT_CONVERSION = YES;
				CLANG_WARN_DEPRECATED_OBJC_IMPLEMENTATIONS = YES;
				CLANG_WARN_DIRECT_OBJC_ISA_USAGE = YES_ERROR;
				CLANG_WARN_DOCUMENTATION_COMMENTS = YES;
				CLANG_WARN_EMPTY_BODY = YES;
				CLANG_WARN_ENUM_CONVERSION = YES;
				CLANG_WARN_INFINITE_RECURSION = YES;
				CLANG_WARN_INT_CONVERSION = YES;
				CLANG_WARN_NON_LITERAL_NULL_CONVERSION = YES;
				CLANG_WARN_OBJC_IMPLICIT_RETAIN_SELF = YES;
				CLANG_WARN_OBJC_LITERAL_CONVERSION = YES;
				CLANG_WARN_OBJC_ROOT_CLASS = YES_ERROR;
				CLANG_WARN_RANGE_LOOP_ANALYSIS = YES;
				CLANG_WARN_STRICT_PROTOTYPES = YES;
				CLANG_WARN_SUSPICIOUS_MOVE = YES;
				CLANG_WARN_UNGUARDED_AVAILABILITY = YES_AGGRESSIVE;
				CLANG_WARN_UNREACHABLE_CODE = YES;
				CLANG_WARN__DUPLICATE_METHOD_MATCH = YES;
				COPY_PHASE_STRIP = NO;
				DEBUG_INFORMATION_FORMAT = dwarf;
				ENABLE_STRICT_OBJC_MSGSEND = YES;
				ENABLE_TESTABILITY = YES;
				GCC_C_LANGUAGE_STANDARD = gnu11;
				GCC_DYNAMIC_NO_PIC = NO;
				GCC_NO_COMMON_BLOCKS = YES;
				GCC_OPTIMIZATION_LEVEL = 0;
				GCC_PREPROCESSOR_DEFINITIONS = (
					"DEBUG=1",
					"$(inherited)",
				);
				GCC_WARN_64_TO_32_BIT_CONVERSION = YES;
				GCC_WARN_ABOUT_RETURN_TYPE = YES_ERROR;
				GCC_WARN_UNDECLARED_SELECTOR = YES;
				GCC_WARN_UNINITIALIZED_AUTOS = YES_AGGRESSIVE;
				GCC_WARN_UNUSED_FUNCTION = YES;
				GCC_WARN_UNUSED_VARIABLE = YES;
				IPHONEOS_DEPLOYMENT_TARGET = 13.1;
				MTL_ENABLE_DEBUG_INFO = INCLUDE_SOURCE;
				MTL_FAST_MATH = YES;
				ONLY_ACTIVE_ARCH = YES;
				SDKROOT = iphoneos;
				SWIFT_ACTIVE_COMPILATION_CONDITIONS = DEBUG;
				SWIFT_OPTIMIZATION_LEVEL = "-Onone";
			};
			name = Debug;
		};
		10040C2723DEB9F50075D12E /* Release */ = {
			isa = XCBuildConfiguration;
			buildSettings = {
				ALWAYS_SEARCH_USER_PATHS = NO;
				CLANG_ANALYZER_NONNULL = YES;
				CLANG_ANALYZER_NUMBER_OBJECT_CONVERSION = YES_AGGRESSIVE;
				CLANG_CXX_LANGUAGE_STANDARD = "gnu++14";
				CLANG_CXX_LIBRARY = "libc++";
				CLANG_ENABLE_MODULES = YES;
				CLANG_ENABLE_OBJC_ARC = YES;
				CLANG_ENABLE_OBJC_WEAK = YES;
				CLANG_WARN_BLOCK_CAPTURE_AUTORELEASING = YES;
				CLANG_WARN_BOOL_CONVERSION = YES;
				CLANG_WARN_COMMA = YES;
				CLANG_WARN_CONSTANT_CONVERSION = YES;
				CLANG_WARN_DEPRECATED_OBJC_IMPLEMENTATIONS = YES;
				CLANG_WARN_DIRECT_OBJC_ISA_USAGE = YES_ERROR;
				CLANG_WARN_DOCUMENTATION_COMMENTS = YES;
				CLANG_WARN_EMPTY_BODY = YES;
				CLANG_WARN_ENUM_CONVERSION = YES;
				CLANG_WARN_INFINITE_RECURSION = YES;
				CLANG_WARN_INT_CONVERSION = YES;
				CLANG_WARN_NON_LITERAL_NULL_CONVERSION = YES;
				CLANG_WARN_OBJC_IMPLICIT_RETAIN_SELF = YES;
				CLANG_WARN_OBJC_LITERAL_CONVERSION = YES;
				CLANG_WARN_OBJC_ROOT_CLASS = YES_ERROR;
				CLANG_WARN_RANGE_LOOP_ANALYSIS = YES;
				CLANG_WARN_STRICT_PROTOTYPES = YES;
				CLANG_WARN_SUSPICIOUS_MOVE = YES;
				CLANG_WARN_UNGUARDED_AVAILABILITY = YES_AGGRESSIVE;
				CLANG_WARN_UNREACHABLE_CODE = YES;
				CLANG_WARN__DUPLICATE_METHOD_MATCH = YES;
				COPY_PHASE_STRIP = NO;
				DEBUG_INFORMATION_FORMAT = "dwarf-with-dsym";
				ENABLE_NS_ASSERTIONS = NO;
				ENABLE_STRICT_OBJC_MSGSEND = YES;
				GCC_C_LANGUAGE_STANDARD = gnu11;
				GCC_NO_COMMON_BLOCKS = YES;
				GCC_WARN_64_TO_32_BIT_CONVERSION = YES;
				GCC_WARN_ABOUT_RETURN_TYPE = YES_ERROR;
				GCC_WARN_UNDECLARED_SELECTOR = YES;
				GCC_WARN_UNINITIALIZED_AUTOS = YES_AGGRESSIVE;
				GCC_WARN_UNUSED_FUNCTION = YES;
				GCC_WARN_UNUSED_VARIABLE = YES;
				IPHONEOS_DEPLOYMENT_TARGET = 13.1;
				MTL_ENABLE_DEBUG_INFO = NO;
				MTL_FAST_MATH = YES;
				SDKROOT = iphoneos;
				SWIFT_COMPILATION_MODE = wholemodule;
				SWIFT_OPTIMIZATION_LEVEL = "-O";
				VALIDATE_PRODUCT = YES;
			};
			name = Release;
		};
		10040C2923DEB9F50075D12E /* Debug */ = {
			isa = XCBuildConfiguration;
			baseConfigurationReference = 106A43D56A9AF07D46F674A7 /* Pods-HackerNewsWrapper.debug.xcconfig */;
			buildSettings = {
				ASSETCATALOG_COMPILER_APPICON_NAME = AppIcon;
				CODE_SIGN_ENTITLEMENTS = HackerNewsWrapper/HackerNewsWrapper.entitlements;
				CODE_SIGN_IDENTITY = "Apple Development";
				CODE_SIGN_STYLE = Automatic;
				DEVELOPMENT_TEAM = "";
				INFOPLIST_FILE = HackerNewsWrapper/Info.plist;
				LD_RUNPATH_SEARCH_PATHS = (
					"$(inherited)",
					"@executable_path/Frameworks",
				);
				PRODUCT_BUNDLE_IDENTIFIER = stl.HackerNewsWrapper;
				PRODUCT_NAME = "$(TARGET_NAME)";
				PROVISIONING_PROFILE_SPECIFIER = "";
				SWIFT_VERSION = 5.0;
				TARGETED_DEVICE_FAMILY = "1,2";
			};
			name = Debug;
		};
		10040C2A23DEB9F50075D12E /* Release */ = {
			isa = XCBuildConfiguration;
			baseConfigurationReference = 23F1226924AAB3BFEDE1E9AF /* Pods-HackerNewsWrapper.release.xcconfig */;
			buildSettings = {
				ASSETCATALOG_COMPILER_APPICON_NAME = AppIcon;
				CODE_SIGN_ENTITLEMENTS = HackerNewsWrapper/HackerNewsWrapper.entitlements;
				CODE_SIGN_IDENTITY = "Apple Development";
				CODE_SIGN_STYLE = Automatic;
				DEVELOPMENT_TEAM = "";
				INFOPLIST_FILE = HackerNewsWrapper/Info.plist;
				LD_RUNPATH_SEARCH_PATHS = (
					"$(inherited)",
					"@executable_path/Frameworks",
				);
				PRODUCT_BUNDLE_IDENTIFIER = stl.HackerNewsWrapper;
				PRODUCT_NAME = "$(TARGET_NAME)";
				PROVISIONING_PROFILE_SPECIFIER = "";
				SWIFT_VERSION = 5.0;
				TARGETED_DEVICE_FAMILY = "1,2";
			};
			name = Release;
		};
		10F8CECB23FA5918009AD147 /* Debug */ = {
			isa = XCBuildConfiguration;
			baseConfigurationReference = 106A43D56A9AF07D46F674A7 /* Pods-HackerNewsWrapper.debug.xcconfig */;
			buildSettings = {
				ASSETCATALOG_COMPILER_APPICON_NAME = AppIcon;
				CODE_SIGN_ENTITLEMENTS = HackerNewsWrapper/HackerNewsWrapper.entitlements;
				CODE_SIGN_IDENTITY = "Apple Development";
				CODE_SIGN_STYLE = Automatic;
				DEVELOPMENT_TEAM = "";
				INFOPLIST_FILE = "Dev-Info.plist";
				LD_RUNPATH_SEARCH_PATHS = (
					"$(inherited)",
					"@executable_path/Frameworks",
				);
				OTHER_SWIFT_FLAGS = "-DDEV";
				PRODUCT_BUNDLE_IDENTIFIER = "stl.HackerNewsWrapper-dev";
				PRODUCT_NAME = "$(TARGET_NAME)";
				PROVISIONING_PROFILE_SPECIFIER = "";
				SWIFT_VERSION = 5.0;
				TARGETED_DEVICE_FAMILY = "1,2";
			};
			name = Debug;
		};
		10F8CECC23FA5918009AD147 /* Release */ = {
			isa = XCBuildConfiguration;
			baseConfigurationReference = 23F1226924AAB3BFEDE1E9AF /* Pods-HackerNewsWrapper.release.xcconfig */;
			buildSettings = {
				ASSETCATALOG_COMPILER_APPICON_NAME = AppIcon;
				CODE_SIGN_ENTITLEMENTS = HackerNewsWrapper/HackerNewsWrapper.entitlements;
				CODE_SIGN_IDENTITY = "Apple Development";
				CODE_SIGN_STYLE = Automatic;
				DEVELOPMENT_TEAM = "";
				INFOPLIST_FILE = "Dev-Info.plist";
				LD_RUNPATH_SEARCH_PATHS = (
					"$(inherited)",
					"@executable_path/Frameworks",
				);
				OTHER_SWIFT_FLAGS = "-DDEV";
				PRODUCT_BUNDLE_IDENTIFIER = "stl.HackerNewsWrapper-dev";
				PRODUCT_NAME = "$(TARGET_NAME)";
				PROVISIONING_PROFILE_SPECIFIER = "";
				SWIFT_VERSION = 5.0;
				TARGETED_DEVICE_FAMILY = "1,2";
			};
			name = Release;
		};
/* End XCBuildConfiguration section */

/* Begin XCConfigurationList section */
		10040C0F23DEB9EF0075D12E /* Build configuration list for PBXProject "HackerNewsWrapper" */ = {
			isa = XCConfigurationList;
			buildConfigurations = (
				10040C2623DEB9F50075D12E /* Debug */,
				10040C2723DEB9F50075D12E /* Release */,
			);
			defaultConfigurationIsVisible = 0;
			defaultConfigurationName = Release;
		};
		10040C2823DEB9F50075D12E /* Build configuration list for PBXNativeTarget "HackerNewsWrapper" */ = {
			isa = XCConfigurationList;
			buildConfigurations = (
				10040C2923DEB9F50075D12E /* Debug */,
				10040C2A23DEB9F50075D12E /* Release */,
			);
			defaultConfigurationIsVisible = 0;
			defaultConfigurationName = Release;
		};
		10F8CECA23FA5918009AD147 /* Build configuration list for PBXNativeTarget "HackerNewsWrapper Dev" */ = {
			isa = XCConfigurationList;
			buildConfigurations = (
				10F8CECB23FA5918009AD147 /* Debug */,
				10F8CECC23FA5918009AD147 /* Release */,
			);
			defaultConfigurationIsVisible = 0;
			defaultConfigurationName = Release;
		};
/* End XCConfigurationList section */

/* Begin XCVersionGroup section */
		10A65C0823F55C4B00C4DA07 /* HackerNewsWrapper.xcdatamodeld */ = {
			isa = XCVersionGroup;
			children = (
				10A65C0923F55C4B00C4DA07 /* HackerNewsWrapper.xcdatamodel */,
			);
			currentVersion = 10A65C0923F55C4B00C4DA07 /* HackerNewsWrapper.xcdatamodel */;
			path = HackerNewsWrapper.xcdatamodeld;
			sourceTree = SOURCE_ROOT;
			versionGroupType = wrapper.xcdatamodel;
		};
/* End XCVersionGroup section */
	};
	rootObject = 10040C0C23DEB9EF0075D12E /* Project object */;
}
